
Microsoft Visual Studio Solution File, Format Version 12.00
# Visual Studio 2013
VisualStudioVersion = 12.0.30723.0
MinimumVisualStudioVersion = 10.0.40219.1
Project("{F184B08F-C81C-45F6-A57F-5ABD9991F28F}") = "PAXTraq", "PAXTraq\PAXTraq.vbproj", "{CD8E53D2-B177-494B-AE08-1CEEF98E43D7}"
EndProject
Project("{F184B08F-C81C-45F6-A57F-5ABD9991F28F}") = "Entity", "Entity\Entity.vbproj", "{1F4EEFB0-F9F4-47FD-B5A3-3B6FAA63101E}"
EndProject
Project("{F184B08F-C81C-45F6-A57F-5ABD9991F28F}") = "BusinessLogic", "BusinessLogic\BusinessLogic.vbproj", "{0854AC19-9771-4E2C-98FB-C52F20454C9A}"
EndProject
Global
	GlobalSection(TeamFoundationVersionControl) = preSolution
		SccNumberOfProjects = 4
		SccEnterpriseProvider = {4CA58AB2-18FA-4F8D-95D4-32DDF27D184C}
		SccTeamFoundationServer = https://mikerosenberg.visualstudio.com/defaultcollection
		SccLocalPath0 = .
		SccProjectUniqueName1 = PAXTraq\\PAXTraq.vbproj
		SccProjectName1 = PAXTraq
		SccLocalPath1 = PAXTraq
		SccProjectUniqueName2 = Entity\\Entity.vbproj
		SccProjectName2 = Entity
		SccLocalPath2 = Entity
		SccProjectUniqueName3 = BusinessLogic\\BusinessLogic.vbproj
		SccProjectName3 = BusinessLogic
		SccLocalPath3 = BusinessLogic
	EndGlobalSection
	GlobalSection(SolutionConfigurationPlatforms) = preSolution
		Debug|Any CPU = Debug|Any CPU
		Release|Any CPU = Release|Any CPU
	EndGlobalSection
	GlobalSection(ProjectConfigurationPlatforms) = postSolution
		{CD8E53D2-B177-494B-AE08-1CEEF98E43D7}.Debug|Any CPU.ActiveCfg = Debug|Any CPU
		{CD8E53D2-B177-494B-AE08-1CEEF98E43D7}.Debug|Any CPU.Build.0 = Debug|Any CPU
		{CD8E53D2-B177-494B-AE08-1CEEF98E43D7}.Release|Any CPU.ActiveCfg = Release|Any CPU
		{CD8E53D2-B177-494B-AE08-1CEEF98E43D7}.Release|Any CPU.Build.0 = Release|Any CPU
		{1F4EEFB0-F9F4-47FD-B5A3-3B6FAA63101E}.Debug|Any CPU.ActiveCfg = Debug|Any CPU
		{1F4EEFB0-F9F4-47FD-B5A3-3B6FAA63101E}.Debug|Any CPU.Build.0 = Debug|Any CPU
		{1F4EEFB0-F9F4-47FD-B5A3-3B6FAA63101E}.Release|Any CPU.ActiveCfg = Release|Any CPU
		{1F4EEFB0-F9F4-47FD-B5A3-3B6FAA63101E}.Release|Any CPU.Build.0 = Release|Any CPU
		{0854AC19-9771-4E2C-98FB-C52F20454C9A}.Debug|Any CPU.ActiveCfg = Debug|Any CPU
		{0854AC19-9771-4E2C-98FB-C52F20454C9A}.Debug|Any CPU.Build.0 = Debug|Any CPU
		{0854AC19-9771-4E2C-98FB-C52F20454C9A}.Release|Any CPU.ActiveCfg = Release|Any CPU
		{0854AC19-9771-4E2C-98FB-C52F20454C9A}.Release|Any CPU.Build.0 = Release|Any CPU
	EndGlobalSection
	GlobalSection(SolutionProperties) = preSolution
		HideSolutionNode = FALSE
	EndGlobalSection
EndGlobal
